
Microsoft Visual Studio Solution File, Format Version 12.00
# Visual Studio 15
VisualStudioVersion = 15.0.28307.1000
MinimumVisualStudioVersion = 10.0.40219.1
Project("{FAE04EC0-301F-11D3-BF4B-00C04F79EFBC}") = "ISM4300_HelloWorld", "ISM4300_HelloWorld\ISM4300_HelloWorld.csproj", "{EAE0E621-BFB7-41D6-A2A1-C497ECDD0F3E}"
EndProject
Global
	GlobalSection(SolutionConfigurationPlatforms) = preSolution
		Debug|Any CPU = Debug|Any CPU
		Release|Any CPU = Release|Any CPU
	EndGlobalSection
	GlobalSection(ProjectConfigurationPlatforms) = postSolution
		{EAE0E621-BFB7-41D6-A2A1-C497ECDD0F3E}.Debug|Any CPU.ActiveCfg = Debug|Any CPU
		{EAE0E621-BFB7-41D6-A2A1-C497ECDD0F3E}.Debug|Any CPU.Build.0 = Debug|Any CPU
		{EAE0E621-BFB7-41D6-A2A1-C497ECDD0F3E}.Release|Any CPU.ActiveCfg = Release|Any CPU
		{EAE0E621-BFB7-41D6-A2A1-C497ECDD0F3E}.Release|Any CPU.Build.0 = Release|Any CPU
	EndGlobalSection
	GlobalSection(SolutionProperties) = preSolution
		HideSolutionNode = FALSE
	EndGlobalSection
	GlobalSection(ExtensibilityGlobals) = postSolution
		SolutionGuid = {54288891-D056-4E3C-A729-0726DDF02234}
	EndGlobalSection
EndGlobal
